{
  "name": "reduceTime",
  "lockfileVersion": 2,
  "requires": true,
  "packages": {
    "": {
      "dependencies": {
        "minireset.css": "^0.0.6",
        "moment": "^2.29.1"
      }
    },
    "node_modules/minireset.css": {
      "version": "0.0.6",
      "resolved": "https://registry.npmjs.org/minireset.css/-/minireset.css-0.0.6.tgz",
      "integrity": "sha512-aluj16Tc1KhEYGDa/tedYzIbZ2Ax/JR25MUQzGkqOrcw/P5OPSlwNNrlLpdULu0xFNnxu2SRHx4rKiIMq3iSTQ=="
    },
    "node_modules/moment": {
      "version": "2.29.1",
      "resolved": "https://registry.npmjs.org/moment/-/moment-2.29.1.tgz",
      "integrity": "sha512-kHmoybcPV8Sqy59DwNDY3Jefr64lK/by/da0ViFcuA4DH0vQg5Q6Ze5VimxkfQNSC+Mls/Kx53s7TjP1RhFEDQ==",
      "engines": {
        "node": "*"
      }
    }
  },
  "dependencies": {
    "minireset.css": {
      "version": "0.0.6",
      "resolved": "https://registry.npmjs.org/minireset.css/-/minireset.css-0.0.6.tgz",
      "integrity": "sha512-aluj16Tc1KhEYGDa/tedYzIbZ2Ax/JR25MUQzGkqOrcw/P5OPSlwNNrlLpdULu0xFNnxu2SRHx4rKiIMq3iSTQ=="
    },
    "moment": {
      "version": "2.29.1",
      "resolved": "https://registry.npmjs.org/moment/-/moment-2.29.1.tgz",
      "integrity": "sha512-kHmoybcPV8Sqy59DwNDY3Jefr64lK/by/da0ViFcuA4DH0vQg5Q6Ze5VimxkfQNSC+Mls/Kx53s7TjP1RhFEDQ=="
    }
  }
}
